
Microsoft Visual Studio Solution File, Format Version 12.00
# Visual Studio Version 17
VisualStudioVersion = 17.10.35004.147
MinimumVisualStudioVersion = 10.0.40219.1
Project("{FAE04EC0-301F-11D3-BF4B-00C04F79EFBC}") = "JumpKing-GiantBootsSound", "JumpKing-GiantBootsSound.csproj", "{F84E63FC-393F-432E-B4E0-2A968A5B056F}"
EndProject
Global
	GlobalSection(SolutionConfigurationPlatforms) = preSolution
		Debug|Any CPU = Debug|Any CPU
		Release|Any CPU = Release|Any CPU
	EndGlobalSection
	GlobalSection(ProjectConfigurationPlatforms) = postSolution
		{F84E63FC-393F-432E-B4E0-2A968A5B056F}.Debug|Any CPU.ActiveCfg = Debug|Any CPU
		{F84E63FC-393F-432E-B4E0-2A968A5B056F}.Debug|Any CPU.Build.0 = Debug|Any CPU
		{F84E63FC-393F-432E-B4E0-2A968A5B056F}.Release|Any CPU.ActiveCfg = Release|Any CPU
		{F84E63FC-393F-432E-B4E0-2A968A5B056F}.Release|Any CPU.Build.0 = Release|Any CPU
	EndGlobalSection
	GlobalSection(SolutionProperties) = preSolution
		HideSolutionNode = FALSE
	EndGlobalSection
	GlobalSection(ExtensibilityGlobals) = postSolution
		SolutionGuid = {9A64753E-0532-48CD-A900-01AAF6A8800A}
	EndGlobalSection
EndGlobal
